// !$*UTF8*$!
{
	archiveVersion = 1;
	classes = {
	};
	objectVersion = 46;
	objects = {

/* Begin PBXBuildFile section */
		4AB788CE1D015E5A005B6452 /* AppDelegate.swift in Sources */ = {isa = PBXBuildFile; fileRef = 4AB788CD1D015E5A005B6452 /* AppDelegate.swift */; };
		4AB788D01D015E5A005B6452 /* ViewController.swift in Sources */ = {isa = PBXBuildFile; fileRef = 4AB788CF1D015E5A005B6452 /* ViewController.swift */; };
		4AB788D31D015E5A005B6452 /* Main.storyboard in Resources */ = {isa = PBXBuildFile; fileRef = 4AB788D11D015E5A005B6452 /* Main.storyboard */; };
		4AB788D51D015E5A005B6452 /* Assets.xcassets in Resources */ = {isa = PBXBuildFile; fileRef = 4AB788D41D015E5A005B6452 /* Assets.xcassets */; };
		4AB788D81D015E5A005B6452 /* LaunchScreen.storyboard in Resources */ = {isa = PBXBuildFile; fileRef = 4AB788D61D015E5A005B6452 /* LaunchScreen.storyboard */; };
		4AB788E01D0163B7005B6452 /* CognitiveServices.swift in Sources */ = {isa = PBXBuildFile; fileRef = 4AB788DF1D0163B7005B6452 /* CognitiveServices.swift */; };
		4AB788E21D0163FB005B6452 /* CognitiveServiceConfiguration.swift in Sources */ = {isa = PBXBuildFile; fileRef = 4AB788E11D0163FB005B6452 /* CognitiveServiceConfiguration.swift */; };
		4ADA560D1D054BA000CF3CE1 /* UIImage+Resize.swift in Sources */ = {isa = PBXBuildFile; fileRef = 4ADA560C1D054BA000CF3CE1 /* UIImage+Resize.swift */; };
/* End PBXBuildFile section */

/* Begin PBXFileReference section */
		4AB788CA1D015E5A005B6452 /* VC Demo.app */ = {isa = PBXFileReference; explicitFileType = wrapper.application; includeInIndex = 0; path = "VC Demo.app"; sourceTree = BUILT_PRODUCTS_DIR; };
		4AB788CD1D015E5A005B6452 /* AppDelegate.swift */ = {isa = PBXFileReference; lastKnownFileType = sourcecode.swift; path = AppDelegate.swift; sourceTree = "<group>"; };
		4AB788CF1D015E5A005B6452 /* ViewController.swift */ = {isa = PBXFileReference; lastKnownFileType = sourcecode.swift; path = ViewController.swift; sourceTree = "<group>"; };
		4AB788D21D015E5A005B6452 /* Base */ = {isa = PBXFileReference; lastKnownFileType = file.storyboard; name = Base; path = Base.lproj/Main.storyboard; sourceTree = "<group>"; };
		4AB788D41D015E5A005B6452 /* Assets.xcassets */ = {isa = PBXFileReference; lastKnownFileType = folder.assetcatalog; path = Assets.xcassets; sourceTree = "<group>"; };
		4AB788D71D015E5A005B6452 /* Base */ = {isa = PBXFileReference; lastKnownFileType = file.storyboard; name = Base; path = Base.lproj/LaunchScreen.storyboard; sourceTree = "<group>"; };
		4AB788D91D015E5A005B6452 /* Info.plist */ = {isa = PBXFileReference; lastKnownFileType = text.plist.xml; path = Info.plist; sourceTree = "<group>"; };
		4AB788DF1D0163B7005B6452 /* CognitiveServices.swift */ = {isa = PBXFileReference; fileEncoding = 4; lastKnownFileType = sourcecode.swift; path = CognitiveServices.swift; sourceTree = "<group>"; };
		4AB788E11D0163FB005B6452 /* CognitiveServiceConfiguration.swift */ = {isa = PBXFileReference; fileEncoding = 4; lastKnownFileType = sourcecode.swift; path = CognitiveServiceConfiguration.swift; sourceTree = "<group>"; };
		4ADA560C1D054BA000CF3CE1 /* UIImage+Resize.swift */ = {isa = PBXFileReference; fileEncoding = 4; lastKnownFileType = sourcecode.swift; path = "UIImage+Resize.swift"; sourceTree = "<group>"; };
/* End PBXFileReference section */

/* Begin PBXFrameworksBuildPhase section */
		4AB788C71D015E5A005B6452 /* Frameworks */ = {
			isa = PBXFrameworksBuildPhase;
			buildActionMask = 2147483647;
			files = (
			);
			runOnlyForDeploymentPostprocessing = 0;
		};
/* End PBXFrameworksBuildPhase section */

/* Begin PBXGroup section */
		4AB788C11D015E5A005B6452 = {
			isa = PBXGroup;
			children = (
				4AB788CC1D015E5A005B6452 /* VC Demo */,
				4AB788CB1D015E5A005B6452 /* Products */,
			);
			sourceTree = "<group>";
		};
		4AB788CB1D015E5A005B6452 /* Products */ = {
			isa = PBXGroup;
			children = (
				4AB788CA1D015E5A005B6452 /* VC Demo.app */,
			);
			name = Products;
			sourceTree = "<group>";
		};
		4AB788CC1D015E5A005B6452 /* VC Demo */ = {
			isa = PBXGroup;
			children = (
				4AB788CD1D015E5A005B6452 /* AppDelegate.swift */,
				4AB788CF1D015E5A005B6452 /* ViewController.swift */,
				4AB788D11D015E5A005B6452 /* Main.storyboard */,
				4AB788D41D015E5A005B6452 /* Assets.xcassets */,
				4AB788D61D015E5A005B6452 /* LaunchScreen.storyboard */,
				4AB788D91D015E5A005B6452 /* Info.plist */,
				4AB788DF1D0163B7005B6452 /* CognitiveServices.swift */,
				4AB788E11D0163FB005B6452 /* CognitiveServiceConfiguration.swift */,
				4ADA560C1D054BA000CF3CE1 /* UIImage+Resize.swift */,
			);
			path = "VC Demo";
			sourceTree = "<group>";
		};
/* End PBXGroup section */

/* Begin PBXNativeTarget section */
		4AB788C91D015E5A005B6452 /* VC Demo */ = {
			isa = PBXNativeTarget;
			buildConfigurationList = 4AB788DC1D015E5A005B6452 /* Build configuration list for PBXNativeTarget "VC Demo" */;
			buildPhases = (
				4AB788C61D015E5A005B6452 /* Sources */,
				4AB788C71D015E5A005B6452 /* Frameworks */,
				4AB788C81D015E5A005B6452 /* Resources */,
			);
			buildRules = (
			);
			dependencies = (
			);
			name = "VC Demo";
			productName = "VC Demo";
			productReference = 4AB788CA1D015E5A005B6452 /* VC Demo.app */;
			productType = "com.apple.product-type.application";
		};
/* End PBXNativeTarget section */

/* Begin PBXProject section */
		4AB788C21D015E5A005B6452 /* Project object */ = {
			isa = PBXProject;
			attributes = {
				LastSwiftUpdateCheck = 0730;
				LastUpgradeCheck = 0730;
				ORGANIZATIONNAME = "Tobias Scholze";
				TargetAttributes = {
					4AB788C91D015E5A005B6452 = {
						CreatedOnToolsVersion = 7.3.1;
					};
				};
			};
			buildConfigurationList = 4AB788C51D015E5A005B6452 /* Build configuration list for PBXProject "VC Demo" */;
			compatibilityVersion = "Xcode 3.2";
			developmentRegion = English;
			hasScannedForEncodings = 0;
			knownRegions = (
				en,
				Base,
			);
			mainGroup = 4AB788C11D015E5A005B6452;
			productRefGroup = 4AB788CB1D015E5A005B6452 /* Products */;
			projectDirPath = "";
			projectRoot = "";
			targets = (
				4AB788C91D015E5A005B6452 /* VC Demo */,
			);
		};
/* End PBXProject section */

/* Begin PBXResourcesBuildPhase section */
		4AB788C81D015E5A005B6452 /* Resources */ = {
			isa = PBXResourcesBuildPhase;
			buildActionMask = 2147483647;
			files = (
				4AB788D81D015E5A005B6452 /* LaunchScreen.storyboard in Resources */,
				4AB788D51D015E5A005B6452 /* Assets.xcassets in Resources */,
				4AB788D31D015E5A005B6452 /* Main.storyboard in Resources */,
			);
			runOnlyForDeploymentPostprocessing = 0;
		};
/* End PBXResourcesBuildPhase section */

/* Begin PBXSourcesBuildPhase section */
		4AB788C61D015E5A005B6452 /* Sources */ = {
			isa = PBXSourcesBuildPhase;
			buildActionMask = 2147483647;
			files = (
				4AB788E01D0163B7005B6452 /* CognitiveServices.swift in Sources */,
				4AB788D01D015E5A005B6452 /* ViewController.swift in Sources */,
				4AB788CE1D015E5A005B6452 /* AppDelegate.swift in Sources */,
				4ADA560D1D054BA000CF3CE1 /* UIImage+Resize.swift in Sources */,
				4AB788E21D0163FB005B6452 /* CognitiveServiceConfiguration.swift in Sources */,
			);
			runOnlyForDeploymentPostprocessing = 0;
		};
/* End PBXSourcesBuildPhase section */

/* Begin PBXVariantGroup section */
		4AB788D11D015E5A005B6452 /* Main.storyboard */ = {
			isa = PBXVariantGroup;
			children = (
				4AB788D21D015E5A005B6452 /* Base */,
			);
			name = Main.storyboard;
			sourceTree = "<group>";
		};
		4AB788D61D015E5A005B6452 /* LaunchScreen.storyboard */ = {
			isa = PBXVariantGroup;
			children = (
				4AB788D71D015E5A005B6452 /* Base */,
			);
			name = LaunchScreen.storyboard;
			sourceTree = "<group>";
		};
/* End PBXVariantGroup section */

/* Begin XCBuildConfiguration section */
		4AB788DA1D015E5A005B6452 /* Debug */ = {
			isa = XCBuildConfiguration;
			buildSettings = {
				ALWAYS_SEARCH_USER_PATHS = NO;
				CLANG_ANALYZER_NONNULL = YES;
				CLANG_CXX_LANGUAGE_STANDARD = "gnu++0x";
				CLANG_CXX_LIBRARY = "libc++";
				CLANG_ENABLE_MODULES = YES;
				CLANG_ENABLE_OBJC_ARC = YES;
				CLANG_WARN_BOOL_CONVERSION = YES;
				CLANG_WARN_CONSTANT_CONVERSION = YES;
				CLANG_WARN_DIRECT_OBJC_ISA_USAGE = YES_ERROR;
				CLANG_WARN_EMPTY_BODY = YES;
				CLANG_WARN_ENUM_CONVERSION = YES;
				CLANG_WARN_INT_CONVERSION = YES;
				CLANG_WARN_OBJC_ROOT_CLASS = YES_ERROR;
				CLANG_WARN_UNREACHABLE_CODE = YES;
				CLANG_WARN__DUPLICATE_METHOD_MATCH = YES;
				"CODE_SIGN_IDENTITY[sdk=iphoneos*]" = "iPhone Developer";
				COPY_PHASE_STRIP = NO;
				DEBUG_INFORMATION_FORMAT = dwarf;
				ENABLE_STRICT_OBJC_MSGSEND = YES;
				ENABLE_TESTABILITY = YES;
				GCC_C_LANGUAGE_STANDARD = gnu99;
				GCC_DYNAMIC_NO_PIC = NO;
				GCC_NO_COMMON_BLOCKS = YES;
				GCC_OPTIMIZATION_LEVEL = 0;
				GCC_PREPROCESSOR_DEFINITIONS = (
					"DEBUG=1",
					"$(inherited)",
				);
				GCC_WARN_64_TO_32_BIT_CONVERSION = YES;
				GCC_WARN_ABOUT_RETURN_TYPE = YES_ERROR;
				GCC_WARN_UNDECLARED_SELECTOR = YES;
				GCC_WARN_UNINITIALIZED_AUTOS = YES_AGGRESSIVE;
				GCC_WARN_UNUSED_FUNCTION = YES;
				GCC_WARN_UNUSED_VARIABLE = YES;
				IPHONEOS_DEPLOYMENT_TARGET = 9.3;
				MTL_ENABLE_DEBUG_INFO = YES;
				ONLY_ACTIVE_ARCH = YES;
				SDKROOT = iphoneos;
				SWIFT_OPTIMIZATION_LEVEL = "-Onone";
			};
			name = Debug;
		};
		4AB788DB1D015E5A005B6452 /* Release */ = {
			isa = XCBuildConfiguration;
			buildSettings = {
				ALWAYS_SEARCH_USER_PATHS = NO;
				CLANG_ANALYZER_NONNULL = YES;
				CLANG_CXX_LANGUAGE_STANDARD = "gnu++0x";
				CLANG_CXX_LIBRARY = "libc++";
				CLANG_ENABLE_MODULES = YES;
				CLANG_ENABLE_OBJC_ARC = YES;
				CLANG_WARN_BOOL_CONVERSION = YES;
				CLANG_WARN_CONSTANT_CONVERSION = YES;
				CLANG_WARN_DIRECT_OBJC_ISA_USAGE = YES_ERROR;
				CLANG_WARN_EMPTY_BODY = YES;
				CLANG_WARN_ENUM_CONVERSION = YES;
				CLANG_WARN_INT_CONVERSION = YES;
				CLANG_WARN_OBJC_ROOT_CLASS = YES_ERROR;
				CLANG_WARN_UNREACHABLE_CODE = YES;
				CLANG_WARN__DUPLICATE_METHOD_MATCH = YES;
				"CODE_SIGN_IDENTITY[sdk=iphoneos*]" = "iPhone Developer";
				COPY_PHASE_STRIP = NO;
				DEBUG_INFORMATION_FORMAT = "dwarf-with-dsym";
				ENABLE_NS_ASSERTIONS = NO;
				ENABLE_STRICT_OBJC_MSGSEND = YES;
				GCC_C_LANGUAGE_STANDARD = gnu99;
				GCC_NO_COMMON_BLOCKS = YES;
				GCC_WARN_64_TO_32_BIT_CONVERSION = YES;
				GCC_WARN_ABOUT_RETURN_TYPE = YES_ERROR;
				GCC_WARN_UNDECLARED_SELECTOR = YES;
				GCC_WARN_UNINITIALIZED_AUTOS = YES_AGGRESSIVE;
				GCC_WARN_UNUSED_FUNCTION = YES;
				GCC_WARN_UNUSED_VARIABLE = YES;
				IPHONEOS_DEPLOYMENT_TARGET = 9.3;
				MTL_ENABLE_DEBUG_INFO = NO;
				SDKROOT = iphoneos;
				VALIDATE_PRODUCT = YES;
			};
			name = Release;
		};
		4AB788DD1D015E5A005B6452 /* Debug */ = {
			isa = XCBuildConfiguration;
			buildSettings = {
				ASSETCATALOG_COMPILER_APPICON_NAME = AppIcon;
				INFOPLIST_FILE = "VC Demo/Info.plist";
				LD_RUNPATH_SEARCH_PATHS = "$(inherited) @executable_path/Frameworks";
				PRODUCT_BUNDLE_IDENTIFIER = "com.github.tscholze.VC-Demo";
				PRODUCT_NAME = "$(TARGET_NAME)";
			};
			name = Debug;
		};
		4AB788DE1D015E5A005B6452 /* Release */ = {
			isa = XCBuildConfiguration;
			buildSettings = {
				ASSETCATALOG_COMPILER_APPICON_NAME = AppIcon;
				INFOPLIST_FILE = "VC Demo/Info.plist";
				LD_RUNPATH_SEARCH_PATHS = "$(inherited) @executable_path/Frameworks";
				PRODUCT_BUNDLE_IDENTIFIER = "com.github.tscholze.VC-Demo";
				PRODUCT_NAME = "$(TARGET_NAME)";
			};
			name = Release;
		};
/* End XCBuildConfiguration section */

/* Begin XCConfigurationList section */
		4AB788C51D015E5A005B6452 /* Build configuration list for PBXProject "VC Demo" */ = {
			isa = XCConfigurationList;
			buildConfigurations = (
				4AB788DA1D015E5A005B6452 /* Debug */,
				4AB788DB1D015E5A005B6452 /* Release */,
			);
			defaultConfigurationIsVisible = 0;
			defaultConfigurationName = Release;
		};
		4AB788DC1D015E5A005B6452 /* Build configuration list for PBXNativeTarget "VC Demo" */ = {
			isa = XCConfigurationList;
			buildConfigurations = (
				4AB788DD1D015E5A005B6452 /* Debug */,
				4AB788DE1D015E5A005B6452 /* Release */,
			);
			defaultConfigurationIsVisible = 0;
			defaultConfigurationName = Release;
		};
/* End XCConfigurationList section */
	};
	rootObject = 4AB788C21D015E5A005B6452 /* Project object */;
}
